# Generated by move; do not edit
# This file should be checked in.

[move]
version = 3
manifest_digest = "FC815E745F50C21B9E794528FBBC3370AD8E0DEC2165A18DEFD2408E1C42628F"
deps_digest = "3C4103934B1E040BB6B23F1D610B4EF9F2F1166A50A104EADCF77467C004C600"
dependencies = [
  { id = "Dubhe", name = "Dubhe" },
  { id = "Sui", name = "Sui" },
]

[[move.package]]
id = "Dubhe"
source = { git = "https://github.com/0xobelisk/dubhe.git", rev = "v1.2.0-pre.96", subdir = "framework/src/dubhe" }

dependencies = [
  { id = "Sui", name = "Sui" },
]

[[move.package]]
id = "MoveStdlib"
source = { git = "https://github.com/MystenLabs/sui.git", rev = "mainnet-v1.46.3", subdir = "crates/sui-framework/packages/move-stdlib" }

[[move.package]]
id = "Sui"
source = { git = "https://github.com/MystenLabs/sui.git", rev = "mainnet-v1.46.3", subdir = "crates/sui-framework/packages/sui-framework" }

dependencies = [
  { id = "MoveStdlib", name = "MoveStdlib" },
]

[move.toolchain-version]
compiler-version = "1.61.2"
edition = "2024"
flavor = "sui"

[pinned.testnet.Dubhe]
source = { local = "../dubhe" }
use_environment = "testnet"
manifest_digest = "21C4ACDE8D1A1E22F33EBBF539FC94BA72EC8B363E3A9B495D51C157AAB5189C"
deps = { Sui = "Sui" }

[pinned.testnet.MoveStdlib]
source = { git = "https://github.com/MystenLabs/sui.git", subdir = "crates/sui-framework/packages/move-stdlib", rev = "ff441e0d66d6cd56c4527db1b6e6e38335e805ce" }
use_environment = "testnet"
manifest_digest = "C4FE4C91DE74CBF223B2E380AE40F592177D21870DC2D7EB6227D2D694E05363"
deps = {}

[pinned.testnet.Sui]
source = { git = "https://github.com/MystenLabs/sui.git", subdir = "crates/sui-framework/packages/sui-framework", rev = "ff441e0d66d6cd56c4527db1b6e6e38335e805ce" }
use_environment = "testnet"
manifest_digest = "7AFB66695545775FBFBB2D3078ADFD084244D5002392E837FDE21D9EA1C6D01C"
deps = { MoveStdlib = "MoveStdlib" }

[pinned.testnet.qy]
source = { root = true }
use_environment = "testnet"
manifest_digest = "192E189E0B41899B794815FD2DF493E2FC3785F812D69288C3D28C9D7FF40BD1"
deps = { Dubhe = "Dubhe", Sui = "Sui" }

[env]




[env.testnet]
chain-id = "4c78adac"
original-published-id = "0x656852b28b4e7a4b3e0c2d1aa33c74142da0620b375de5d2474fb5c4d1d6a148"
latest-published-id = "0x656852b28b4e7a4b3e0c2d1aa33c74142da0620b375de5d2474fb5c4d1d6a148"
published-version = "1"
